// !$*UTF8*$!
{
	archiveVersion = 1;
	classes = {
	};
	objectVersion = 46;
	objects = {

/* Begin PBXBuildFile section */
		110F70AE1DFCE26A008BC5D2 /* AppDelegate.swift in Sources */ = {isa = PBXBuildFile; fileRef = 110F70AD1DFCE26A008BC5D2 /* AppDelegate.swift */; };
		110F70B01DFCE26A008BC5D2 /* ViewController.swift in Sources */ = {isa = PBXBuildFile; fileRef = 110F70AF1DFCE26A008BC5D2 /* ViewController.swift */; };
		110F70B31DFCE26A008BC5D2 /* Main.storyboard in Resources */ = {isa = PBXBuildFile; fileRef = 110F70B11DFCE26A008BC5D2 /* Main.storyboard */; };
		110F70B51DFCE26A008BC5D2 /* Assets.xcassets in Resources */ = {isa = PBXBuildFile; fileRef = 110F70B41DFCE26A008BC5D2 /* Assets.xcassets */; };
		110F70B81DFCE26A008BC5D2 /* LaunchScreen.storyboard in Resources */ = {isa = PBXBuildFile; fileRef = 110F70B61DFCE26A008BC5D2 /* LaunchScreen.storyboard */; };
		110F70C31DFCE26B008BC5D2 /* FunFactsTests.swift in Sources */ = {isa = PBXBuildFile; fileRef = 110F70C21DFCE26B008BC5D2 /* FunFactsTests.swift */; };
		110F70CE1DFCE26B008BC5D2 /* FunFactsUITests.swift in Sources */ = {isa = PBXBuildFile; fileRef = 110F70CD1DFCE26B008BC5D2 /* FunFactsUITests.swift */; };
		110F70DC1E0091BE008BC5D2 /* FactProvider.swift in Sources */ = {isa = PBXBuildFile; fileRef = 110F70DB1E0091BE008BC5D2 /* FactProvider.swift */; };
/* End PBXBuildFile section */

/* Begin PBXContainerItemProxy section */
		110F70BF1DFCE26B008BC5D2 /* PBXContainerItemProxy */ = {
			isa = PBXContainerItemProxy;
			containerPortal = 110F70A21DFCE26A008BC5D2 /* Project object */;
			proxyType = 1;
			remoteGlobalIDString = 110F70A91DFCE26A008BC5D2;
			remoteInfo = FunFacts;
		};
		110F70CA1DFCE26B008BC5D2 /* PBXContainerItemProxy */ = {
			isa = PBXContainerItemProxy;
			containerPortal = 110F70A21DFCE26A008BC5D2 /* Project object */;
			proxyType = 1;
			remoteGlobalIDString = 110F70A91DFCE26A008BC5D2;
			remoteInfo = FunFacts;
		};
/* End PBXContainerItemProxy section */

/* Begin PBXFileReference section */
		110F70AA1DFCE26A008BC5D2 /* FunFacts.app */ = {isa = PBXFileReference; explicitFileType = wrapper.application; includeInIndex = 0; path = FunFacts.app; sourceTree = BUILT_PRODUCTS_DIR; };
		110F70AD1DFCE26A008BC5D2 /* AppDelegate.swift */ = {isa = PBXFileReference; lastKnownFileType = sourcecode.swift; path = AppDelegate.swift; sourceTree = "<group>"; };
		110F70AF1DFCE26A008BC5D2 /* ViewController.swift */ = {isa = PBXFileReference; lastKnownFileType = sourcecode.swift; path = ViewController.swift; sourceTree = "<group>"; };
		110F70B21DFCE26A008BC5D2 /* Base */ = {isa = PBXFileReference; lastKnownFileType = file.storyboard; name = Base; path = Base.lproj/Main.storyboard; sourceTree = "<group>"; };
		110F70B41DFCE26A008BC5D2 /* Assets.xcassets */ = {isa = PBXFileReference; lastKnownFileType = folder.assetcatalog; path = Assets.xcassets; sourceTree = "<group>"; };
		110F70B71DFCE26A008BC5D2 /* Base */ = {isa = PBXFileReference; lastKnownFileType = file.storyboard; name = Base; path = Base.lproj/LaunchScreen.storyboard; sourceTree = "<group>"; };
		110F70B91DFCE26A008BC5D2 /* Info.plist */ = {isa = PBXFileReference; lastKnownFileType = text.plist.xml; path = Info.plist; sourceTree = "<group>"; };
		110F70BE1DFCE26B008BC5D2 /* FunFactsTests.xctest */ = {isa = PBXFileReference; explicitFileType = wrapper.cfbundle; includeInIndex = 0; path = FunFactsTests.xctest; sourceTree = BUILT_PRODUCTS_DIR; };
		110F70C21DFCE26B008BC5D2 /* FunFactsTests.swift */ = {isa = PBXFileReference; lastKnownFileType = sourcecode.swift; path = FunFactsTests.swift; sourceTree = "<group>"; };
		110F70C41DFCE26B008BC5D2 /* Info.plist */ = {isa = PBXFileReference; lastKnownFileType = text.plist.xml; path = Info.plist; sourceTree = "<group>"; };
		110F70C91DFCE26B008BC5D2 /* FunFactsUITests.xctest */ = {isa = PBXFileReference; explicitFileType = wrapper.cfbundle; includeInIndex = 0; path = FunFactsUITests.xctest; sourceTree = BUILT_PRODUCTS_DIR; };
		110F70CD1DFCE26B008BC5D2 /* FunFactsUITests.swift */ = {isa = PBXFileReference; lastKnownFileType = sourcecode.swift; path = FunFactsUITests.swift; sourceTree = "<group>"; };
		110F70CF1DFCE26B008BC5D2 /* Info.plist */ = {isa = PBXFileReference; lastKnownFileType = text.plist.xml; path = Info.plist; sourceTree = "<group>"; };
		110F70DB1E0091BE008BC5D2 /* FactProvider.swift */ = {isa = PBXFileReference; fileEncoding = 4; lastKnownFileType = sourcecode.swift; path = FactProvider.swift; sourceTree = "<group>"; };
/* End PBXFileReference section */

/* Begin PBXFrameworksBuildPhase section */
		110F70A71DFCE26A008BC5D2 /* Frameworks */ = {
			isa = PBXFrameworksBuildPhase;
			buildActionMask = 2147483647;
			files = (
			);
			runOnlyForDeploymentPostprocessing = 0;
		};
		110F70BB1DFCE26B008BC5D2 /* Frameworks */ = {
			isa = PBXFrameworksBuildPhase;
			buildActionMask = 2147483647;
			files = (
			);
			runOnlyForDeploymentPostprocessing = 0;
		};
		110F70C61DFCE26B008BC5D2 /* Frameworks */ = {
			isa = PBXFrameworksBuildPhase;
			buildActionMask = 2147483647;
			files = (
			);
			runOnlyForDeploymentPostprocessing = 0;
		};
/* End PBXFrameworksBuildPhase section */

/* Begin PBXGroup section */
		110F70A11DFCE26A008BC5D2 = {
			isa = PBXGroup;
			children = (
				110F70AC1DFCE26A008BC5D2 /* FunFacts */,
				110F70C11DFCE26B008BC5D2 /* FunFactsTests */,
				110F70CC1DFCE26B008BC5D2 /* FunFactsUITests */,
				110F70AB1DFCE26A008BC5D2 /* Products */,
			);
			sourceTree = "<group>";
		};
		110F70AB1DFCE26A008BC5D2 /* Products */ = {
			isa = PBXGroup;
			children = (
				110F70AA1DFCE26A008BC5D2 /* FunFacts.app */,
				110F70BE1DFCE26B008BC5D2 /* FunFactsTests.xctest */,
				110F70C91DFCE26B008BC5D2 /* FunFactsUITests.xctest */,
			);
			name = Products;
			sourceTree = "<group>";
		};
		110F70AC1DFCE26A008BC5D2 /* FunFacts */ = {
			isa = PBXGroup;
			children = (
				110F70AD1DFCE26A008BC5D2 /* AppDelegate.swift */,
				110F70DB1E0091BE008BC5D2 /* FactProvider.swift */,
				110F70AF1DFCE26A008BC5D2 /* ViewController.swift */,
				110F70B11DFCE26A008BC5D2 /* Main.storyboard */,
				110F70B41DFCE26A008BC5D2 /* Assets.xcassets */,
				110F70B61DFCE26A008BC5D2 /* LaunchScreen.storyboard */,
				110F70B91DFCE26A008BC5D2 /* Info.plist */,
			);
			path = FunFacts;
			sourceTree = "<group>";
		};
		110F70C11DFCE26B008BC5D2 /* FunFactsTests */ = {
			isa = PBXGroup;
			children = (
				110F70C21DFCE26B008BC5D2 /* FunFactsTests.swift */,
				110F70C41DFCE26B008BC5D2 /* Info.plist */,
			);
			path = FunFactsTests;
			sourceTree = "<group>";
		};
		110F70CC1DFCE26B008BC5D2 /* FunFactsUITests */ = {
			isa = PBXGroup;
			children = (
				110F70CD1DFCE26B008BC5D2 /* FunFactsUITests.swift */,
				110F70CF1DFCE26B008BC5D2 /* Info.plist */,
			);
			path = FunFactsUITests;
			sourceTree = "<group>";
		};
/* End PBXGroup section */

/* Begin PBXNativeTarget section */
		110F70A91DFCE26A008BC5D2 /* FunFacts */ = {
			isa = PBXNativeTarget;
			buildConfigurationList = 110F70D21DFCE26B008BC5D2 /* Build configuration list for PBXNativeTarget "FunFacts" */;
			buildPhases = (
				110F70A61DFCE26A008BC5D2 /* Sources */,
				110F70A71DFCE26A008BC5D2 /* Frameworks */,
				110F70A81DFCE26A008BC5D2 /* Resources */,
			);
			buildRules = (
			);
			dependencies = (
			);
			name = FunFacts;
			productName = FunFacts;
			productReference = 110F70AA1DFCE26A008BC5D2 /* FunFacts.app */;
			productType = "com.apple.product-type.application";
		};
		110F70BD1DFCE26B008BC5D2 /* FunFactsTests */ = {
			isa = PBXNativeTarget;
			buildConfigurationList = 110F70D51DFCE26B008BC5D2 /* Build configuration list for PBXNativeTarget "FunFactsTests" */;
			buildPhases = (
				110F70BA1DFCE26B008BC5D2 /* Sources */,
				110F70BB1DFCE26B008BC5D2 /* Frameworks */,
				110F70BC1DFCE26B008BC5D2 /* Resources */,
			);
			buildRules = (
			);
			dependencies = (
				110F70C01DFCE26B008BC5D2 /* PBXTargetDependency */,
			);
			name = FunFactsTests;
			productName = FunFactsTests;
			productReference = 110F70BE1DFCE26B008BC5D2 /* FunFactsTests.xctest */;
			productType = "com.apple.product-type.bundle.unit-test";
		};
		110F70C81DFCE26B008BC5D2 /* FunFactsUITests */ = {
			isa = PBXNativeTarget;
			buildConfigurationList = 110F70D81DFCE26B008BC5D2 /* Build configuration list for PBXNativeTarget "FunFactsUITests" */;
			buildPhases = (
				110F70C51DFCE26B008BC5D2 /* Sources */,
				110F70C61DFCE26B008BC5D2 /* Frameworks */,
				110F70C71DFCE26B008BC5D2 /* Resources */,
			);
			buildRules = (
			);
			dependencies = (
				110F70CB1DFCE26B008BC5D2 /* PBXTargetDependency */,
			);
			name = FunFactsUITests;
			productName = FunFactsUITests;
			productReference = 110F70C91DFCE26B008BC5D2 /* FunFactsUITests.xctest */;
			productType = "com.apple.product-type.bundle.ui-testing";
		};
/* End PBXNativeTarget section */

/* Begin PBXProject section */
		110F70A21DFCE26A008BC5D2 /* Project object */ = {
			isa = PBXProject;
			attributes = {
				LastSwiftUpdateCheck = 0810;
				LastUpgradeCheck = 0810;
				ORGANIZATIONNAME = "Cynthia Soto";
				TargetAttributes = {
					110F70A91DFCE26A008BC5D2 = {
						CreatedOnToolsVersion = 8.1;
						ProvisioningStyle = Automatic;
					};
					110F70BD1DFCE26B008BC5D2 = {
						CreatedOnToolsVersion = 8.1;
						ProvisioningStyle = Automatic;
						TestTargetID = 110F70A91DFCE26A008BC5D2;
					};
					110F70C81DFCE26B008BC5D2 = {
						CreatedOnToolsVersion = 8.1;
						ProvisioningStyle = Automatic;
						TestTargetID = 110F70A91DFCE26A008BC5D2;
					};
				};
			};
			buildConfigurationList = 110F70A51DFCE26A008BC5D2 /* Build configuration list for PBXProject "FunFacts" */;
			compatibilityVersion = "Xcode 3.2";
			developmentRegion = English;
			hasScannedForEncodings = 0;
			knownRegions = (
				en,
				Base,
			);
			mainGroup = 110F70A11DFCE26A008BC5D2;
			productRefGroup = 110F70AB1DFCE26A008BC5D2 /* Products */;
			projectDirPath = "";
			projectRoot = "";
			targets = (
				110F70A91DFCE26A008BC5D2 /* FunFacts */,
				110F70BD1DFCE26B008BC5D2 /* FunFactsTests */,
				110F70C81DFCE26B008BC5D2 /* FunFactsUITests */,
			);
		};
/* End PBXProject section */

/* Begin PBXResourcesBuildPhase section */
		110F70A81DFCE26A008BC5D2 /* Resources */ = {
			isa = PBXResourcesBuildPhase;
			buildActionMask = 2147483647;
			files = (
				110F70B81DFCE26A008BC5D2 /* LaunchScreen.storyboard in Resources */,
				110F70B51DFCE26A008BC5D2 /* Assets.xcassets in Resources */,
				110F70B31DFCE26A008BC5D2 /* Main.storyboard in Resources */,
			);
			runOnlyForDeploymentPostprocessing = 0;
		};
		110F70BC1DFCE26B008BC5D2 /* Resources */ = {
			isa = PBXResourcesBuildPhase;
			buildActionMask = 2147483647;
			files = (
			);
			runOnlyForDeploymentPostprocessing = 0;
		};
		110F70C71DFCE26B008BC5D2 /* Resources */ = {
			isa = PBXResourcesBuildPhase;
			buildActionMask = 2147483647;
			files = (
			);
			runOnlyForDeploymentPostprocessing = 0;
		};
/* End PBXResourcesBuildPhase section */

/* Begin PBXSourcesBuildPhase section */
		110F70A61DFCE26A008BC5D2 /* Sources */ = {
			isa = PBXSourcesBuildPhase;
			buildActionMask = 2147483647;
			files = (
				110F70B01DFCE26A008BC5D2 /* ViewController.swift in Sources */,
				110F70AE1DFCE26A008BC5D2 /* AppDelegate.swift in Sources */,
				110F70DC1E0091BE008BC5D2 /* FactProvider.swift in Sources */,
			);
			runOnlyForDeploymentPostprocessing = 0;
		};
		110F70BA1DFCE26B008BC5D2 /* Sources */ = {
			isa = PBXSourcesBuildPhase;
			buildActionMask = 2147483647;
			files = (
				110F70C31DFCE26B008BC5D2 /* FunFactsTests.swift in Sources */,
			);
			runOnlyForDeploymentPostprocessing = 0;
		};
		110F70C51DFCE26B008BC5D2 /* Sources */ = {
			isa = PBXSourcesBuildPhase;
			buildActionMask = 2147483647;
			files = (
				110F70CE1DFCE26B008BC5D2 /* FunFactsUITests.swift in Sources */,
			);
			runOnlyForDeploymentPostprocessing = 0;
		};
/* End PBXSourcesBuildPhase section */

/* Begin PBXTargetDependency section */
		110F70C01DFCE26B008BC5D2 /* PBXTargetDependency */ = {
			isa = PBXTargetDependency;
			target = 110F70A91DFCE26A008BC5D2 /* FunFacts */;
			targetProxy = 110F70BF1DFCE26B008BC5D2 /* PBXContainerItemProxy */;
		};
		110F70CB1DFCE26B008BC5D2 /* PBXTargetDependency */ = {
			isa = PBXTargetDependency;
			target = 110F70A91DFCE26A008BC5D2 /* FunFacts */;
			targetProxy = 110F70CA1DFCE26B008BC5D2 /* PBXContainerItemProxy */;
		};
/* End PBXTargetDependency section */

/* Begin PBXVariantGroup section */
		110F70B11DFCE26A008BC5D2 /* Main.storyboard */ = {
			isa = PBXVariantGroup;
			children = (
				110F70B21DFCE26A008BC5D2 /* Base */,
			);
			name = Main.storyboard;
			sourceTree = "<group>";
		};
		110F70B61DFCE26A008BC5D2 /* LaunchScreen.storyboard */ = {
			isa = PBXVariantGroup;
			children = (
				110F70B71DFCE26A008BC5D2 /* Base */,
			);
			name = LaunchScreen.storyboard;
			sourceTree = "<group>";
		};
/* End PBXVariantGroup section */

/* Begin XCBuildConfiguration section */
		110F70D01DFCE26B008BC5D2 /* Debug */ = {
			isa = XCBuildConfiguration;
			buildSettings = {
				ALWAYS_SEARCH_USER_PATHS = NO;
				CLANG_ANALYZER_NONNULL = YES;
				CLANG_CXX_LANGUAGE_STANDARD = "gnu++0x";
				CLANG_CXX_LIBRARY = "libc++";
				CLANG_ENABLE_MODULES = YES;
				CLANG_ENABLE_OBJC_ARC = YES;
				CLANG_WARN_BOOL_CONVERSION = YES;
				CLANG_WARN_CONSTANT_CONVERSION = YES;
				CLANG_WARN_DIRECT_OBJC_ISA_USAGE = YES_ERROR;
				CLANG_WARN_DOCUMENTATION_COMMENTS = YES;
				CLANG_WARN_EMPTY_BODY = YES;
				CLANG_WARN_ENUM_CONVERSION = YES;
				CLANG_WARN_INFINITE_RECURSION = YES;
				CLANG_WARN_INT_CONVERSION = YES;
				CLANG_WARN_OBJC_ROOT_CLASS = YES_ERROR;
				CLANG_WARN_SUSPICIOUS_MOVES = YES;
				CLANG_WARN_UNREACHABLE_CODE = YES;
				CLANG_WARN__DUPLICATE_METHOD_MATCH = YES;
				"CODE_SIGN_IDENTITY[sdk=iphoneos*]" = "iPhone Developer";
				COPY_PHASE_STRIP = NO;
				DEBUG_INFORMATION_FORMAT = dwarf;
				ENABLE_STRICT_OBJC_MSGSEND = YES;
				ENABLE_TESTABILITY = YES;
				GCC_C_LANGUAGE_STANDARD = gnu99;
				GCC_DYNAMIC_NO_PIC = NO;
				GCC_NO_COMMON_BLOCKS = YES;
				GCC_OPTIMIZATION_LEVEL = 0;
				GCC_PREPROCESSOR_DEFINITIONS = (
					"DEBUG=1",
					"$(inherited)",
				);
				GCC_WARN_64_TO_32_BIT_CONVERSION = YES;
				GCC_WARN_ABOUT_RETURN_TYPE = YES_ERROR;
				GCC_WARN_UNDECLARED_SELECTOR = YES;
				GCC_WARN_UNINITIALIZED_AUTOS = YES_AGGRESSIVE;
				GCC_WARN_UNUSED_FUNCTION = YES;
				GCC_WARN_UNUSED_VARIABLE = YES;
				IPHONEOS_DEPLOYMENT_TARGET = 10.1;
				MTL_ENABLE_DEBUG_INFO = YES;
				ONLY_ACTIVE_ARCH = YES;
				SDKROOT = iphoneos;
				SWIFT_ACTIVE_COMPILATION_CONDITIONS = DEBUG;
				SWIFT_OPTIMIZATION_LEVEL = "-Onone";
				TARGETED_DEVICE_FAMILY = "1,2";
			};
			name = Debug;
		};
		110F70D11DFCE26B008BC5D2 /* Release */ = {
			isa = XCBuildConfiguration;
			buildSettings = {
				ALWAYS_SEARCH_USER_PATHS = NO;
				CLANG_ANALYZER_NONNULL = YES;
				CLANG_CXX_LANGUAGE_STANDARD = "gnu++0x";
				CLANG_CXX_LIBRARY = "libc++";
				CLANG_ENABLE_MODULES = YES;
				CLANG_ENABLE_OBJC_ARC = YES;
				CLANG_WARN_BOOL_CONVERSION = YES;
				CLANG_WARN_CONSTANT_CONVERSION = YES;
				CLANG_WARN_DIRECT_OBJC_ISA_USAGE = YES_ERROR;
				CLANG_WARN_DOCUMENTATION_COMMENTS = YES;
				CLANG_WARN_EMPTY_BODY = YES;
				CLANG_WARN_ENUM_CONVERSION = YES;
				CLANG_WARN_INFINITE_RECURSION = YES;
				CLANG_WARN_INT_CONVERSION = YES;
				CLANG_WARN_OBJC_ROOT_CLASS = YES_ERROR;
				CLANG_WARN_SUSPICIOUS_MOVES = YES;
				CLANG_WARN_UNREACHABLE_CODE = YES;
				CLANG_WARN__DUPLICATE_METHOD_MATCH = YES;
				"CODE_SIGN_IDENTITY[sdk=iphoneos*]" = "iPhone Developer";
				COPY_PHASE_STRIP = NO;
				DEBUG_INFORMATION_FORMAT = "dwarf-with-dsym";
				ENABLE_NS_ASSERTIONS = NO;
				ENABLE_STRICT_OBJC_MSGSEND = YES;
				GCC_C_LANGUAGE_STANDARD = gnu99;
				GCC_NO_COMMON_BLOCKS = YES;
				GCC_WARN_64_TO_32_BIT_CONVERSION = YES;
				GCC_WARN_ABOUT_RETURN_TYPE = YES_ERROR;
				GCC_WARN_UNDECLARED_SELECTOR = YES;
				GCC_WARN_UNINITIALIZED_AUTOS = YES_AGGRESSIVE;
				GCC_WARN_UNUSED_FUNCTION = YES;
				GCC_WARN_UNUSED_VARIABLE = YES;
				IPHONEOS_DEPLOYMENT_TARGET = 10.1;
				MTL_ENABLE_DEBUG_INFO = NO;
				SDKROOT = iphoneos;
				SWIFT_OPTIMIZATION_LEVEL = "-Owholemodule";
				TARGETED_DEVICE_FAMILY = "1,2";
				VALIDATE_PRODUCT = YES;
			};
			name = Release;
		};
		110F70D31DFCE26B008BC5D2 /* Debug */ = {
			isa = XCBuildConfiguration;
			buildSettings = {
				ASSETCATALOG_COMPILER_APPICON_NAME = AppIcon;
				INFOPLIST_FILE = FunFacts/Info.plist;
				LD_RUNPATH_SEARCH_PATHS = "$(inherited) @executable_path/Frameworks";
				PRODUCT_BUNDLE_IDENTIFIER = sotocynthia.FunFacts;
				PRODUCT_NAME = "$(TARGET_NAME)";
				SWIFT_VERSION = 3.0;
			};
			name = Debug;
		};
		110F70D41DFCE26B008BC5D2 /* Release */ = {
			isa = XCBuildConfiguration;
			buildSettings = {
				ASSETCATALOG_COMPILER_APPICON_NAME = AppIcon;
				INFOPLIST_FILE = FunFacts/Info.plist;
				LD_RUNPATH_SEARCH_PATHS = "$(inherited) @executable_path/Frameworks";
				PRODUCT_BUNDLE_IDENTIFIER = sotocynthia.FunFacts;
				PRODUCT_NAME = "$(TARGET_NAME)";
				SWIFT_VERSION = 3.0;
			};
			name = Release;
		};
		110F70D61DFCE26B008BC5D2 /* Debug */ = {
			isa = XCBuildConfiguration;
			buildSettings = {
				ALWAYS_EMBED_SWIFT_STANDARD_LIBRARIES = YES;
				BUNDLE_LOADER = "$(TEST_HOST)";
				INFOPLIST_FILE = FunFactsTests/Info.plist;
				LD_RUNPATH_SEARCH_PATHS = "$(inherited) @executable_path/Frameworks @loader_path/Frameworks";
				PRODUCT_BUNDLE_IDENTIFIER = sotocynthia.FunFactsTests;
				PRODUCT_NAME = "$(TARGET_NAME)";
				SWIFT_VERSION = 3.0;
				TEST_HOST = "$(BUILT_PRODUCTS_DIR)/FunFacts.app/FunFacts";
			};
			name = Debug;
		};
		110F70D71DFCE26B008BC5D2 /* Release */ = {
			isa = XCBuildConfiguration;
			buildSettings = {
				ALWAYS_EMBED_SWIFT_STANDARD_LIBRARIES = YES;
				BUNDLE_LOADER = "$(TEST_HOST)";
				INFOPLIST_FILE = FunFactsTests/Info.plist;
				LD_RUNPATH_SEARCH_PATHS = "$(inherited) @executable_path/Frameworks @loader_path/Frameworks";
				PRODUCT_BUNDLE_IDENTIFIER = sotocynthia.FunFactsTests;
				PRODUCT_NAME = "$(TARGET_NAME)";
				SWIFT_VERSION = 3.0;
				TEST_HOST = "$(BUILT_PRODUCTS_DIR)/FunFacts.app/FunFacts";
			};
			name = Release;
		};
		110F70D91DFCE26B008BC5D2 /* Debug */ = {
			isa = XCBuildConfiguration;
			buildSettings = {
				ALWAYS_EMBED_SWIFT_STANDARD_LIBRARIES = YES;
				INFOPLIST_FILE = FunFactsUITests/Info.plist;
				LD_RUNPATH_SEARCH_PATHS = "$(inherited) @executable_path/Frameworks @loader_path/Frameworks";
				PRODUCT_BUNDLE_IDENTIFIER = sotocynthia.FunFactsUITests;
				PRODUCT_NAME = "$(TARGET_NAME)";
				SWIFT_VERSION = 3.0;
				TEST_TARGET_NAME = FunFacts;
			};
			name = Debug;
		};
		110F70DA1DFCE26B008BC5D2 /* Release */ = {
			isa = XCBuildConfiguration;
			buildSettings = {
				ALWAYS_EMBED_SWIFT_STANDARD_LIBRARIES = YES;
				INFOPLIST_FILE = FunFactsUITests/Info.plist;
				LD_RUNPATH_SEARCH_PATHS = "$(inherited) @executable_path/Frameworks @loader_path/Frameworks";
				PRODUCT_BUNDLE_IDENTIFIER = sotocynthia.FunFactsUITests;
				PRODUCT_NAME = "$(TARGET_NAME)";
				SWIFT_VERSION = 3.0;
				TEST_TARGET_NAME = FunFacts;
			};
			name = Release;
		};
/* End XCBuildConfiguration section */

/* Begin XCConfigurationList section */
		110F70A51DFCE26A008BC5D2 /* Build configuration list for PBXProject "FunFacts" */ = {
			isa = XCConfigurationList;
			buildConfigurations = (
				110F70D01DFCE26B008BC5D2 /* Debug */,
				110F70D11DFCE26B008BC5D2 /* Release */,
			);
			defaultConfigurationIsVisible = 0;
			defaultConfigurationName = Release;
		};
		110F70D21DFCE26B008BC5D2 /* Build configuration list for PBXNativeTarget "FunFacts" */ = {
			isa = XCConfigurationList;
			buildConfigurations = (
				110F70D31DFCE26B008BC5D2 /* Debug */,
				110F70D41DFCE26B008BC5D2 /* Release */,
			);
			defaultConfigurationIsVisible = 0;
		};
		110F70D51DFCE26B008BC5D2 /* Build configuration list for PBXNativeTarget "FunFactsTests" */ = {
			isa = XCConfigurationList;
			buildConfigurations = (
				110F70D61DFCE26B008BC5D2 /* Debug */,
				110F70D71DFCE26B008BC5D2 /* Release */,
			);
			defaultConfigurationIsVisible = 0;
		};
		110F70D81DFCE26B008BC5D2 /* Build configuration list for PBXNativeTarget "FunFactsUITests" */ = {
			isa = XCConfigurationList;
			buildConfigurations = (
				110F70D91DFCE26B008BC5D2 /* Debug */,
				110F70DA1DFCE26B008BC5D2 /* Release */,
			);
			defaultConfigurationIsVisible = 0;
		};
/* End XCConfigurationList section */
	};
	rootObject = 110F70A21DFCE26A008BC5D2 /* Project object */;
}
